
Microsoft Visual Studio Solution File, Format Version 12.00
# Visual Studio 15
VisualStudioVersion = 15.0.27004.2009
MinimumVisualStudioVersion = 10.0.40219.1
Project("{8BC9CEB8-8B4A-11D0-8D11-00A0C91BC942}") = "ex2", "ex2\ex2.vcxproj", "{2A25438B-1910-4346-B1D1-52512D7604FF}"
EndProject
Global
	GlobalSection(SolutionConfigurationPlatforms) = preSolution
		Debug|x64 = Debug|x64
		Debug|x86 = Debug|x86
		Release|x64 = Release|x64
		Release|x86 = Release|x86
	EndGlobalSection
	GlobalSection(ProjectConfigurationPlatforms) = postSolution
		{2A25438B-1910-4346-B1D1-52512D7604FF}.Debug|x64.ActiveCfg = Debug|x64
		{2A25438B-1910-4346-B1D1-52512D7604FF}.Debug|x64.Build.0 = Debug|x64
		{2A25438B-1910-4346-B1D1-52512D7604FF}.Debug|x86.ActiveCfg = Debug|Win32
		{2A25438B-1910-4346-B1D1-52512D7604FF}.Debug|x86.Build.0 = Debug|Win32
		{2A25438B-1910-4346-B1D1-52512D7604FF}.Release|x64.ActiveCfg = Release|x64
		{2A25438B-1910-4346-B1D1-52512D7604FF}.Release|x64.Build.0 = Release|x64
		{2A25438B-1910-4346-B1D1-52512D7604FF}.Release|x86.ActiveCfg = Release|Win32
		{2A25438B-1910-4346-B1D1-52512D7604FF}.Release|x86.Build.0 = Release|Win32
	EndGlobalSection
	GlobalSection(SolutionProperties) = preSolution
		HideSolutionNode = FALSE
	EndGlobalSection
	GlobalSection(ExtensibilityGlobals) = postSolution
		SolutionGuid = {9887FC47-2230-4E67-B7F7-34E7D0C6E614}
	EndGlobalSection
EndGlobal
